// !$*UTF8*$!
{
	archiveVersion = 1;
	classes = {
	};
	objectVersion = 56;
	objects = {

/* Begin PBXBuildFile section */
		4F1DD4F22AC4951200A23D51 /* PropriedadeEditarView.swift in Sources */ = {isa = PBXBuildFile; fileRef = 4F1DD4F12AC4951200A23D51 /* PropriedadeEditarView.swift */; };
		4F1DD4F42AC4A6CD00A23D51 /* ModeloDados.File.swift in Sources */ = {isa = PBXBuildFile; fileRef = 4F1DD4F32AC4A6CD00A23D51 /* ModeloDados.File.swift */; };
		4F1DD4F62AC4D19600A23D51 /* MinhaColecaoView.swift in Sources */ = {isa = PBXBuildFile; fileRef = 4F1DD4F52AC4D19600A23D51 /* MinhaColecaoView.swift */; };
		4F1DD4F82AC4D51000A23D51 /* FigurasLinhaView.swift in Sources */ = {isa = PBXBuildFile; fileRef = 4F1DD4F72AC4D51000A23D51 /* FigurasLinhaView.swift */; };
		4F5ACA412AC203EC00AD1014 /* figurinhasApp.swift in Sources */ = {isa = PBXBuildFile; fileRef = 4F5ACA402AC203EC00AD1014 /* figurinhasApp.swift */; };
		4F5ACA432AC203EC00AD1014 /* ContentView.swift in Sources */ = {isa = PBXBuildFile; fileRef = 4F5ACA422AC203EC00AD1014 /* ContentView.swift */; };
		4F5ACA452AC203EE00AD1014 /* Assets.xcassets in Resources */ = {isa = PBXBuildFile; fileRef = 4F5ACA442AC203EE00AD1014 /* Assets.xcassets */; };
		4F5ACA482AC203EE00AD1014 /* Preview Assets.xcassets in Resources */ = {isa = PBXBuildFile; fileRef = 4F5ACA472AC203EE00AD1014 /* Preview Assets.xcassets */; };
		4F5ACA522AC203EF00AD1014 /* figurinhasTests.swift in Sources */ = {isa = PBXBuildFile; fileRef = 4F5ACA512AC203EF00AD1014 /* figurinhasTests.swift */; };
		4F5ACA5C2AC203EF00AD1014 /* figurinhasUITests.swift in Sources */ = {isa = PBXBuildFile; fileRef = 4F5ACA5B2AC203EF00AD1014 /* figurinhasUITests.swift */; };
		4F5ACA5E2AC203EF00AD1014 /* figurinhasUITestsLaunchTests.swift in Sources */ = {isa = PBXBuildFile; fileRef = 4F5ACA5D2AC203EF00AD1014 /* figurinhasUITestsLaunchTests.swift */; };
		4F8EDA8E2AC365C800DE76D0 /* propriedadesView.swift in Sources */ = {isa = PBXBuildFile; fileRef = 4F8EDA8D2AC365C800DE76D0 /* propriedadesView.swift */; };
		4F8EDA902AC3696F00DE76D0 /* FiguraDetalheView.swift in Sources */ = {isa = PBXBuildFile; fileRef = 4F8EDA8F2AC3696F00DE76D0 /* FiguraDetalheView.swift */; };
		4F8EDA922AC36C2000DE76D0 /* Figuras.swift in Sources */ = {isa = PBXBuildFile; fileRef = 4F8EDA912AC36C2000DE76D0 /* Figuras.swift */; };
/* End PBXBuildFile section */

/* Begin PBXContainerItemProxy section */
		4F5ACA4E2AC203EF00AD1014 /* PBXContainerItemProxy */ = {
			isa = PBXContainerItemProxy;
			containerPortal = 4F5ACA352AC203EC00AD1014 /* Project object */;
			proxyType = 1;
			remoteGlobalIDString = 4F5ACA3C2AC203EC00AD1014;
			remoteInfo = figurinhas;
		};
		4F5ACA582AC203EF00AD1014 /* PBXContainerItemProxy */ = {
			isa = PBXContainerItemProxy;
			containerPortal = 4F5ACA352AC203EC00AD1014 /* Project object */;
			proxyType = 1;
			remoteGlobalIDString = 4F5ACA3C2AC203EC00AD1014;
			remoteInfo = figurinhas;
		};
/* End PBXContainerItemProxy section */

/* Begin PBXFileReference section */
		4F1DD4F12AC4951200A23D51 /* PropriedadeEditarView.swift */ = {isa = PBXFileReference; lastKnownFileType = sourcecode.swift; path = PropriedadeEditarView.swift; sourceTree = "<group>"; };
		4F1DD4F32AC4A6CD00A23D51 /* ModeloDados.File.swift */ = {isa = PBXFileReference; lastKnownFileType = sourcecode.swift; path = ModeloDados.File.swift; sourceTree = "<group>"; };
		4F1DD4F52AC4D19600A23D51 /* MinhaColecaoView.swift */ = {isa = PBXFileReference; lastKnownFileType = sourcecode.swift; path = MinhaColecaoView.swift; sourceTree = "<group>"; };
		4F1DD4F72AC4D51000A23D51 /* FigurasLinhaView.swift */ = {isa = PBXFileReference; lastKnownFileType = sourcecode.swift; path = FigurasLinhaView.swift; sourceTree = "<group>"; };
		4F5ACA3D2AC203EC00AD1014 /* figurinhas.app */ = {isa = PBXFileReference; explicitFileType = wrapper.application; includeInIndex = 0; path = figurinhas.app; sourceTree = BUILT_PRODUCTS_DIR; };
		4F5ACA402AC203EC00AD1014 /* figurinhasApp.swift */ = {isa = PBXFileReference; lastKnownFileType = sourcecode.swift; path = figurinhasApp.swift; sourceTree = "<group>"; };
		4F5ACA422AC203EC00AD1014 /* ContentView.swift */ = {isa = PBXFileReference; lastKnownFileType = sourcecode.swift; path = ContentView.swift; sourceTree = "<group>"; };
		4F5ACA442AC203EE00AD1014 /* Assets.xcassets */ = {isa = PBXFileReference; lastKnownFileType = folder.assetcatalog; path = Assets.xcassets; sourceTree = "<group>"; };
		4F5ACA472AC203EE00AD1014 /* Preview Assets.xcassets */ = {isa = PBXFileReference; lastKnownFileType = folder.assetcatalog; path = "Preview Assets.xcassets"; sourceTree = "<group>"; };
		4F5ACA4D2AC203EF00AD1014 /* figurinhasTests.xctest */ = {isa = PBXFileReference; explicitFileType = wrapper.cfbundle; includeInIndex = 0; path = figurinhasTests.xctest; sourceTree = BUILT_PRODUCTS_DIR; };
		4F5ACA512AC203EF00AD1014 /* figurinhasTests.swift */ = {isa = PBXFileReference; lastKnownFileType = sourcecode.swift; path = figurinhasTests.swift; sourceTree = "<group>"; };
		4F5ACA572AC203EF00AD1014 /* figurinhasUITests.xctest */ = {isa = PBXFileReference; explicitFileType = wrapper.cfbundle; includeInIndex = 0; path = figurinhasUITests.xctest; sourceTree = BUILT_PRODUCTS_DIR; };
		4F5ACA5B2AC203EF00AD1014 /* figurinhasUITests.swift */ = {isa = PBXFileReference; lastKnownFileType = sourcecode.swift; path = figurinhasUITests.swift; sourceTree = "<group>"; };
		4F5ACA5D2AC203EF00AD1014 /* figurinhasUITestsLaunchTests.swift */ = {isa = PBXFileReference; lastKnownFileType = sourcecode.swift; path = figurinhasUITestsLaunchTests.swift; sourceTree = "<group>"; };
		4F8EDA8D2AC365C800DE76D0 /* propriedadesView.swift */ = {isa = PBXFileReference; lastKnownFileType = sourcecode.swift; path = propriedadesView.swift; sourceTree = "<group>"; };
		4F8EDA8F2AC3696F00DE76D0 /* FiguraDetalheView.swift */ = {isa = PBXFileReference; lastKnownFileType = sourcecode.swift; path = FiguraDetalheView.swift; sourceTree = "<group>"; };
		4F8EDA912AC36C2000DE76D0 /* Figuras.swift */ = {isa = PBXFileReference; lastKnownFileType = sourcecode.swift; path = Figuras.swift; sourceTree = "<group>"; };
/* End PBXFileReference section */

/* Begin PBXFrameworksBuildPhase section */
		4F5ACA3A2AC203EC00AD1014 /* Frameworks */ = {
			isa = PBXFrameworksBuildPhase;
			buildActionMask = 2147483647;
			files = (
			);
			runOnlyForDeploymentPostprocessing = 0;
		};
		4F5ACA4A2AC203EF00AD1014 /* Frameworks */ = {
			isa = PBXFrameworksBuildPhase;
			buildActionMask = 2147483647;
			files = (
			);
			runOnlyForDeploymentPostprocessing = 0;
		};
		4F5ACA542AC203EF00AD1014 /* Frameworks */ = {
			isa = PBXFrameworksBuildPhase;
			buildActionMask = 2147483647;
			files = (
			);
			runOnlyForDeploymentPostprocessing = 0;
		};
/* End PBXFrameworksBuildPhase section */

/* Begin PBXGroup section */
		4F5ACA342AC203EC00AD1014 = {
			isa = PBXGroup;
			children = (
				4F5ACA3F2AC203EC00AD1014 /* figurinhas */,
				4F5ACA502AC203EF00AD1014 /* figurinhasTests */,
				4F5ACA5A2AC203EF00AD1014 /* figurinhasUITests */,
				4F5ACA3E2AC203EC00AD1014 /* Products */,
			);
			sourceTree = "<group>";
		};
		4F5ACA3E2AC203EC00AD1014 /* Products */ = {
			isa = PBXGroup;
			children = (
				4F5ACA3D2AC203EC00AD1014 /* figurinhas.app */,
				4F5ACA4D2AC203EF00AD1014 /* figurinhasTests.xctest */,
				4F5ACA572AC203EF00AD1014 /* figurinhasUITests.xctest */,
			);
			name = Products;
			sourceTree = "<group>";
		};
		4F5ACA3F2AC203EC00AD1014 /* figurinhas */ = {
			isa = PBXGroup;
			children = (
				4F1DD4F32AC4A6CD00A23D51 /* ModeloDados.File.swift */,
				4F8EDA8D2AC365C800DE76D0 /* propriedadesView.swift */,
				4F5ACA402AC203EC00AD1014 /* figurinhasApp.swift */,
				4F1DD4F52AC4D19600A23D51 /* MinhaColecaoView.swift */,
				4F5ACA422AC203EC00AD1014 /* ContentView.swift */,
				4F1DD4F12AC4951200A23D51 /* PropriedadeEditarView.swift */,
				4F8EDA912AC36C2000DE76D0 /* Figuras.swift */,
				4F1DD4F72AC4D51000A23D51 /* FigurasLinhaView.swift */,
				4F8EDA8F2AC3696F00DE76D0 /* FiguraDetalheView.swift */,
				4F5ACA442AC203EE00AD1014 /* Assets.xcassets */,
				4F5ACA462AC203EE00AD1014 /* Preview Content */,
			);
			path = figurinhas;
			sourceTree = "<group>";
		};
		4F5ACA462AC203EE00AD1014 /* Preview Content */ = {
			isa = PBXGroup;
			children = (
				4F5ACA472AC203EE00AD1014 /* Preview Assets.xcassets */,
			);
			path = "Preview Content";
			sourceTree = "<group>";
		};
		4F5ACA502AC203EF00AD1014 /* figurinhasTests */ = {
			isa = PBXGroup;
			children = (
				4F5ACA512AC203EF00AD1014 /* figurinhasTests.swift */,
			);
			path = figurinhasTests;
			sourceTree = "<group>";
		};
		4F5ACA5A2AC203EF00AD1014 /* figurinhasUITests */ = {
			isa = PBXGroup;
			children = (
				4F5ACA5B2AC203EF00AD1014 /* figurinhasUITests.swift */,
				4F5ACA5D2AC203EF00AD1014 /* figurinhasUITestsLaunchTests.swift */,
			);
			path = figurinhasUITests;
			sourceTree = "<group>";
		};
/* End PBXGroup section */

/* Begin PBXNativeTarget section */
		4F5ACA3C2AC203EC00AD1014 /* figurinhas */ = {
			isa = PBXNativeTarget;
			buildConfigurationList = 4F5ACA612AC203EF00AD1014 /* Build configuration list for PBXNativeTarget "figurinhas" */;
			buildPhases = (
				4F5ACA392AC203EC00AD1014 /* Sources */,
				4F5ACA3A2AC203EC00AD1014 /* Frameworks */,
				4F5ACA3B2AC203EC00AD1014 /* Resources */,
			);
			buildRules = (
			);
			dependencies = (
			);
			name = figurinhas;
			productName = figurinhas;
			productReference = 4F5ACA3D2AC203EC00AD1014 /* figurinhas.app */;
			productType = "com.apple.product-type.application";
		};
		4F5ACA4C2AC203EF00AD1014 /* figurinhasTests */ = {
			isa = PBXNativeTarget;
			buildConfigurationList = 4F5ACA642AC203EF00AD1014 /* Build configuration list for PBXNativeTarget "figurinhasTests" */;
			buildPhases = (
				4F5ACA492AC203EF00AD1014 /* Sources */,
				4F5ACA4A2AC203EF00AD1014 /* Frameworks */,
				4F5ACA4B2AC203EF00AD1014 /* Resources */,
			);
			buildRules = (
			);
			dependencies = (
				4F5ACA4F2AC203EF00AD1014 /* PBXTargetDependency */,
			);
			name = figurinhasTests;
			productName = figurinhasTests;
			productReference = 4F5ACA4D2AC203EF00AD1014 /* figurinhasTests.xctest */;
			productType = "com.apple.product-type.bundle.unit-test";
		};
		4F5ACA562AC203EF00AD1014 /* figurinhasUITests */ = {
			isa = PBXNativeTarget;
			buildConfigurationList = 4F5ACA672AC203EF00AD1014 /* Build configuration list for PBXNativeTarget "figurinhasUITests" */;
			buildPhases = (
				4F5ACA532AC203EF00AD1014 /* Sources */,
				4F5ACA542AC203EF00AD1014 /* Frameworks */,
				4F5ACA552AC203EF00AD1014 /* Resources */,
			);
			buildRules = (
			);
			dependencies = (
				4F5ACA592AC203EF00AD1014 /* PBXTargetDependency */,
			);
			name = figurinhasUITests;
			productName = figurinhasUITests;
			productReference = 4F5ACA572AC203EF00AD1014 /* figurinhasUITests.xctest */;
			productType = "com.apple.product-type.bundle.ui-testing";
		};
/* End PBXNativeTarget section */

/* Begin PBXProject section */
		4F5ACA352AC203EC00AD1014 /* Project object */ = {
			isa = PBXProject;
			attributes = {
				BuildIndependentTargetsInParallel = 1;
				LastSwiftUpdateCheck = 1430;
				LastUpgradeCheck = 1430;
				TargetAttributes = {
					4F5ACA3C2AC203EC00AD1014 = {
						CreatedOnToolsVersion = 14.3.1;
					};
					4F5ACA4C2AC203EF00AD1014 = {
						CreatedOnToolsVersion = 14.3.1;
						TestTargetID = 4F5ACA3C2AC203EC00AD1014;
					};
					4F5ACA562AC203EF00AD1014 = {
						CreatedOnToolsVersion = 14.3.1;
						TestTargetID = 4F5ACA3C2AC203EC00AD1014;
					};
				};
			};
			buildConfigurationList = 4F5ACA382AC203EC00AD1014 /* Build configuration list for PBXProject "figurinhas" */;
			compatibilityVersion = "Xcode 14.0";
			developmentRegion = en;
			hasScannedForEncodings = 0;
			knownRegions = (
				en,
				Base,
				"pt-BR",
			);
			mainGroup = 4F5ACA342AC203EC00AD1014;
			productRefGroup = 4F5ACA3E2AC203EC00AD1014 /* Products */;
			projectDirPath = "";
			projectRoot = "";
			targets = (
				4F5ACA3C2AC203EC00AD1014 /* figurinhas */,
				4F5ACA4C2AC203EF00AD1014 /* figurinhasTests */,
				4F5ACA562AC203EF00AD1014 /* figurinhasUITests */,
			);
		};
/* End PBXProject section */

/* Begin PBXResourcesBuildPhase section */
		4F5ACA3B2AC203EC00AD1014 /* Resources */ = {
			isa = PBXResourcesBuildPhase;
			buildActionMask = 2147483647;
			files = (
				4F5ACA482AC203EE00AD1014 /* Preview Assets.xcassets in Resources */,
				4F5ACA452AC203EE00AD1014 /* Assets.xcassets in Resources */,
			);
			runOnlyForDeploymentPostprocessing = 0;
		};
		4F5ACA4B2AC203EF00AD1014 /* Resources */ = {
			isa = PBXResourcesBuildPhase;
			buildActionMask = 2147483647;
			files = (
			);
			runOnlyForDeploymentPostprocessing = 0;
		};
		4F5ACA552AC203EF00AD1014 /* Resources */ = {
			isa = PBXResourcesBuildPhase;
			buildActionMask = 2147483647;
			files = (
			);
			runOnlyForDeploymentPostprocessing = 0;
		};
/* End PBXResourcesBuildPhase section */

/* Begin PBXSourcesBuildPhase section */
		4F5ACA392AC203EC00AD1014 /* Sources */ = {
			isa = PBXSourcesBuildPhase;
			buildActionMask = 2147483647;
			files = (
				4F5ACA432AC203EC00AD1014 /* ContentView.swift in Sources */,
				4F8EDA8E2AC365C800DE76D0 /* propriedadesView.swift in Sources */,
				4F1DD4F42AC4A6CD00A23D51 /* ModeloDados.File.swift in Sources */,
				4F8EDA902AC3696F00DE76D0 /* FiguraDetalheView.swift in Sources */,
				4F5ACA412AC203EC00AD1014 /* figurinhasApp.swift in Sources */,
				4F8EDA922AC36C2000DE76D0 /* Figuras.swift in Sources */,
				4F1DD4F22AC4951200A23D51 /* PropriedadeEditarView.swift in Sources */,
				4F1DD4F82AC4D51000A23D51 /* FigurasLinhaView.swift in Sources */,
				4F1DD4F62AC4D19600A23D51 /* MinhaColecaoView.swift in Sources */,
			);
			runOnlyForDeploymentPostprocessing = 0;
		};
		4F5ACA492AC203EF00AD1014 /* Sources */ = {
			isa = PBXSourcesBuildPhase;
			buildActionMask = 2147483647;
			files = (
				4F5ACA522AC203EF00AD1014 /* figurinhasTests.swift in Sources */,
			);
			runOnlyForDeploymentPostprocessing = 0;
		};
		4F5ACA532AC203EF00AD1014 /* Sources */ = {
			isa = PBXSourcesBuildPhase;
			buildActionMask = 2147483647;
			files = (
				4F5ACA5E2AC203EF00AD1014 /* figurinhasUITestsLaunchTests.swift in Sources */,
				4F5ACA5C2AC203EF00AD1014 /* figurinhasUITests.swift in Sources */,
			);
			runOnlyForDeploymentPostprocessing = 0;
		};
/* End PBXSourcesBuildPhase section */

/* Begin PBXTargetDependency section */
		4F5ACA4F2AC203EF00AD1014 /* PBXTargetDependency */ = {
			isa = PBXTargetDependency;
			target = 4F5ACA3C2AC203EC00AD1014 /* figurinhas */;
			targetProxy = 4F5ACA4E2AC203EF00AD1014 /* PBXContainerItemProxy */;
		};
		4F5ACA592AC203EF00AD1014 /* PBXTargetDependency */ = {
			isa = PBXTargetDependency;
			target = 4F5ACA3C2AC203EC00AD1014 /* figurinhas */;
			targetProxy = 4F5ACA582AC203EF00AD1014 /* PBXContainerItemProxy */;
		};
/* End PBXTargetDependency section */

/* Begin XCBuildConfiguration section */
		4F5ACA5F2AC203EF00AD1014 /* Debug */ = {
			isa = XCBuildConfiguration;
			buildSettings = {
				ALWAYS_SEARCH_USER_PATHS = NO;
				CLANG_ANALYZER_LOCALIZABILITY_NONLOCALIZED = YES;
				CLANG_ANALYZER_NONNULL = YES;
				CLANG_ANALYZER_NUMBER_OBJECT_CONVERSION = YES_AGGRESSIVE;
				CLANG_CXX_LANGUAGE_STANDARD = "gnu++20";
				CLANG_ENABLE_MODULES = YES;
				CLANG_ENABLE_OBJC_ARC = YES;
				CLANG_ENABLE_OBJC_WEAK = YES;
				CLANG_WARN_BLOCK_CAPTURE_AUTORELEASING = YES;
				CLANG_WARN_BOOL_CONVERSION = YES;
				CLANG_WARN_COMMA = YES;
				CLANG_WARN_CONSTANT_CONVERSION = YES;
				CLANG_WARN_DEPRECATED_OBJC_IMPLEMENTATIONS = YES;
				CLANG_WARN_DIRECT_OBJC_ISA_USAGE = YES_ERROR;
				CLANG_WARN_DOCUMENTATION_COMMENTS = YES;
				CLANG_WARN_EMPTY_BODY = YES;
				CLANG_WARN_ENUM_CONVERSION = YES;
				CLANG_WARN_INFINITE_RECURSION = YES;
				CLANG_WARN_INT_CONVERSION = YES;
				CLANG_WARN_NON_LITERAL_NULL_CONVERSION = YES;
				CLANG_WARN_OBJC_IMPLICIT_RETAIN_SELF = YES;
				CLANG_WARN_OBJC_LITERAL_CONVERSION = YES;
				CLANG_WARN_OBJC_ROOT_CLASS = YES_ERROR;
				CLANG_WARN_QUOTED_INCLUDE_IN_FRAMEWORK_HEADER = YES;
				CLANG_WARN_RANGE_LOOP_ANALYSIS = YES;
				CLANG_WARN_STRICT_PROTOTYPES = YES;
				CLANG_WARN_SUSPICIOUS_MOVE = YES;
				CLANG_WARN_UNGUARDED_AVAILABILITY = YES_AGGRESSIVE;
				CLANG_WARN_UNREACHABLE_CODE = YES;
				CLANG_WARN__DUPLICATE_METHOD_MATCH = YES;
				COPY_PHASE_STRIP = NO;
				DEBUG_INFORMATION_FORMAT = dwarf;
				ENABLE_STRICT_OBJC_MSGSEND = YES;
				ENABLE_TESTABILITY = YES;
				GCC_C_LANGUAGE_STANDARD = gnu11;
				GCC_DYNAMIC_NO_PIC = NO;
				GCC_NO_COMMON_BLOCKS = YES;
				GCC_OPTIMIZATION_LEVEL = 0;
				GCC_PREPROCESSOR_DEFINITIONS = (
					"DEBUG=1",
					"$(inherited)",
				);
				GCC_WARN_64_TO_32_BIT_CONVERSION = YES;
				GCC_WARN_ABOUT_RETURN_TYPE = YES_ERROR;
				GCC_WARN_UNDECLARED_SELECTOR = YES;
				GCC_WARN_UNINITIALIZED_AUTOS = YES_AGGRESSIVE;
				GCC_WARN_UNUSED_FUNCTION = YES;
				GCC_WARN_UNUSED_VARIABLE = YES;
				IPHONEOS_DEPLOYMENT_TARGET = 16.4;
				MTL_ENABLE_DEBUG_INFO = INCLUDE_SOURCE;
				MTL_FAST_MATH = YES;
				ONLY_ACTIVE_ARCH = YES;
				SDKROOT = iphoneos;
				SWIFT_ACTIVE_COMPILATION_CONDITIONS = DEBUG;
				SWIFT_OPTIMIZATION_LEVEL = "-Onone";
			};
			name = Debug;
		};
		4F5ACA602AC203EF00AD1014 /* Release */ = {
			isa = XCBuildConfiguration;
			buildSettings = {
				ALWAYS_SEARCH_USER_PATHS = NO;
				CLANG_ANALYZER_LOCALIZABILITY_NONLOCALIZED = YES;
				CLANG_ANALYZER_NONNULL = YES;
				CLANG_ANALYZER_NUMBER_OBJECT_CONVERSION = YES_AGGRESSIVE;
				CLANG_CXX_LANGUAGE_STANDARD = "gnu++20";
				CLANG_ENABLE_MODULES = YES;
				CLANG_ENABLE_OBJC_ARC = YES;
				CLANG_ENABLE_OBJC_WEAK = YES;
				CLANG_WARN_BLOCK_CAPTURE_AUTORELEASING = YES;
				CLANG_WARN_BOOL_CONVERSION = YES;
				CLANG_WARN_COMMA = YES;
				CLANG_WARN_CONSTANT_CONVERSION = YES;
				CLANG_WARN_DEPRECATED_OBJC_IMPLEMENTATIONS = YES;
				CLANG_WARN_DIRECT_OBJC_ISA_USAGE = YES_ERROR;
				CLANG_WARN_DOCUMENTATION_COMMENTS = YES;
				CLANG_WARN_EMPTY_BODY = YES;
				CLANG_WARN_ENUM_CONVERSION = YES;
				CLANG_WARN_INFINITE_RECURSION = YES;
				CLANG_WARN_INT_CONVERSION = YES;
				CLANG_WARN_NON_LITERAL_NULL_CONVERSION = YES;
				CLANG_WARN_OBJC_IMPLICIT_RETAIN_SELF = YES;
				CLANG_WARN_OBJC_LITERAL_CONVERSION = YES;
				CLANG_WARN_OBJC_ROOT_CLASS = YES_ERROR;
				CLANG_WARN_QUOTED_INCLUDE_IN_FRAMEWORK_HEADER = YES;
				CLANG_WARN_RANGE_LOOP_ANALYSIS = YES;
				CLANG_WARN_STRICT_PROTOTYPES = YES;
				CLANG_WARN_SUSPICIOUS_MOVE = YES;
				CLANG_WARN_UNGUARDED_AVAILABILITY = YES_AGGRESSIVE;
				CLANG_WARN_UNREACHABLE_CODE = YES;
				CLANG_WARN__DUPLICATE_METHOD_MATCH = YES;
				COPY_PHASE_STRIP = NO;
				DEBUG_INFORMATION_FORMAT = "dwarf-with-dsym";
				ENABLE_NS_ASSERTIONS = NO;
				ENABLE_STRICT_OBJC_MSGSEND = YES;
				GCC_C_LANGUAGE_STANDARD = gnu11;
				GCC_NO_COMMON_BLOCKS = YES;
				GCC_WARN_64_TO_32_BIT_CONVERSION = YES;
				GCC_WARN_ABOUT_RETURN_TYPE = YES_ERROR;
				GCC_WARN_UNDECLARED_SELECTOR = YES;
				GCC_WARN_UNINITIALIZED_AUTOS = YES_AGGRESSIVE;
				GCC_WARN_UNUSED_FUNCTION = YES;
				GCC_WARN_UNUSED_VARIABLE = YES;
				IPHONEOS_DEPLOYMENT_TARGET = 16.4;
				MTL_ENABLE_DEBUG_INFO = NO;
				MTL_FAST_MATH = YES;
				SDKROOT = iphoneos;
				SWIFT_COMPILATION_MODE = wholemodule;
				SWIFT_OPTIMIZATION_LEVEL = "-O";
				VALIDATE_PRODUCT = YES;
			};
			name = Release;
		};
		4F5ACA622AC203EF00AD1014 /* Debug */ = {
			isa = XCBuildConfiguration;
			buildSettings = {
				ASSETCATALOG_COMPILER_APPICON_NAME = AppIcon;
				ASSETCATALOG_COMPILER_GLOBAL_ACCENT_COLOR_NAME = AccentColor;
				CODE_SIGN_STYLE = Automatic;
				CURRENT_PROJECT_VERSION = 1;
				DEVELOPMENT_ASSET_PATHS = "\"figurinhas/Preview Content\"";
				ENABLE_PREVIEWS = YES;
				GENERATE_INFOPLIST_FILE = YES;
				INFOPLIST_KEY_UIApplicationSceneManifest_Generation = YES;
				INFOPLIST_KEY_UIApplicationSupportsIndirectInputEvents = YES;
				INFOPLIST_KEY_UILaunchScreen_Generation = YES;
				INFOPLIST_KEY_UISupportedInterfaceOrientations_iPad = "UIInterfaceOrientationPortrait UIInterfaceOrientationPortraitUpsideDown UIInterfaceOrientationLandscapeLeft UIInterfaceOrientationLandscapeRight";
				INFOPLIST_KEY_UISupportedInterfaceOrientations_iPhone = "UIInterfaceOrientationPortrait UIInterfaceOrientationLandscapeLeft UIInterfaceOrientationLandscapeRight";
				LD_RUNPATH_SEARCH_PATHS = (
					"$(inherited)",
					"@executable_path/Frameworks",
				);
				MARKETING_VERSION = 1.0;
				PRODUCT_BUNDLE_IDENTIFIER = com.andressa.figurinhas;
				PRODUCT_NAME = "$(TARGET_NAME)";
				SWIFT_EMIT_LOC_STRINGS = YES;
				SWIFT_VERSION = 5.0;
				TARGETED_DEVICE_FAMILY = "1,2";
			};
			name = Debug;
		};
		4F5ACA632AC203EF00AD1014 /* Release */ = {
			isa = XCBuildConfiguration;
			buildSettings = {
				ASSETCATALOG_COMPILER_APPICON_NAME = AppIcon;
				ASSETCATALOG_COMPILER_GLOBAL_ACCENT_COLOR_NAME = AccentColor;
				CODE_SIGN_STYLE = Automatic;
				CURRENT_PROJECT_VERSION = 1;
				DEVELOPMENT_ASSET_PATHS = "\"figurinhas/Preview Content\"";
				ENABLE_PREVIEWS = YES;
				GENERATE_INFOPLIST_FILE = YES;
				INFOPLIST_KEY_UIApplicationSceneManifest_Generation = YES;
				INFOPLIST_KEY_UIApplicationSupportsIndirectInputEvents = YES;
				INFOPLIST_KEY_UILaunchScreen_Generation = YES;
				INFOPLIST_KEY_UISupportedInterfaceOrientations_iPad = "UIInterfaceOrientationPortrait UIInterfaceOrientationPortraitUpsideDown UIInterfaceOrientationLandscapeLeft UIInterfaceOrientationLandscapeRight";
				INFOPLIST_KEY_UISupportedInterfaceOrientations_iPhone = "UIInterfaceOrientationPortrait UIInterfaceOrientationLandscapeLeft UIInterfaceOrientationLandscapeRight";
				LD_RUNPATH_SEARCH_PATHS = (
					"$(inherited)",
					"@executable_path/Frameworks",
				);
				MARKETING_VERSION = 1.0;
				PRODUCT_BUNDLE_IDENTIFIER = com.andressa.figurinhas;
				PRODUCT_NAME = "$(TARGET_NAME)";
				SWIFT_EMIT_LOC_STRINGS = YES;
				SWIFT_VERSION = 5.0;
				TARGETED_DEVICE_FAMILY = "1,2";
			};
			name = Release;
		};
		4F5ACA652AC203EF00AD1014 /* Debug */ = {
			isa = XCBuildConfiguration;
			buildSettings = {
				ALWAYS_EMBED_SWIFT_STANDARD_LIBRARIES = YES;
				BUNDLE_LOADER = "$(TEST_HOST)";
				CODE_SIGN_STYLE = Automatic;
				CURRENT_PROJECT_VERSION = 1;
				GENERATE_INFOPLIST_FILE = YES;
				IPHONEOS_DEPLOYMENT_TARGET = 16.4;
				MARKETING_VERSION = 1.0;
				PRODUCT_BUNDLE_IDENTIFIER = com.andressa.figurinhasTests;
				PRODUCT_NAME = "$(TARGET_NAME)";
				SWIFT_EMIT_LOC_STRINGS = NO;
				SWIFT_VERSION = 5.0;
				TARGETED_DEVICE_FAMILY = "1,2";
				TEST_HOST = "$(BUILT_PRODUCTS_DIR)/figurinhas.app/$(BUNDLE_EXECUTABLE_FOLDER_PATH)/figurinhas";
			};
			name = Debug;
		};
		4F5ACA662AC203EF00AD1014 /* Release */ = {
			isa = XCBuildConfiguration;
			buildSettings = {
				ALWAYS_EMBED_SWIFT_STANDARD_LIBRARIES = YES;
				BUNDLE_LOADER = "$(TEST_HOST)";
				CODE_SIGN_STYLE = Automatic;
				CURRENT_PROJECT_VERSION = 1;
				GENERATE_INFOPLIST_FILE = YES;
				IPHONEOS_DEPLOYMENT_TARGET = 16.4;
				MARKETING_VERSION = 1.0;
				PRODUCT_BUNDLE_IDENTIFIER = com.andressa.figurinhasTests;
				PRODUCT_NAME = "$(TARGET_NAME)";
				SWIFT_EMIT_LOC_STRINGS = NO;
				SWIFT_VERSION = 5.0;
				TARGETED_DEVICE_FAMILY = "1,2";
				TEST_HOST = "$(BUILT_PRODUCTS_DIR)/figurinhas.app/$(BUNDLE_EXECUTABLE_FOLDER_PATH)/figurinhas";
			};
			name = Release;
		};
		4F5ACA682AC203EF00AD1014 /* Debug */ = {
			isa = XCBuildConfiguration;
			buildSettings = {
				ALWAYS_EMBED_SWIFT_STANDARD_LIBRARIES = YES;
				CODE_SIGN_STYLE = Automatic;
				CURRENT_PROJECT_VERSION = 1;
				GENERATE_INFOPLIST_FILE = YES;
				MARKETING_VERSION = 1.0;
				PRODUCT_BUNDLE_IDENTIFIER = com.andressa.figurinhasUITests;
				PRODUCT_NAME = "$(TARGET_NAME)";
				SWIFT_EMIT_LOC_STRINGS = NO;
				SWIFT_VERSION = 5.0;
				TARGETED_DEVICE_FAMILY = "1,2";
				TEST_TARGET_NAME = figurinhas;
			};
			name = Debug;
		};
		4F5ACA692AC203EF00AD1014 /* Release */ = {
			isa = XCBuildConfiguration;
			buildSettings = {
				ALWAYS_EMBED_SWIFT_STANDARD_LIBRARIES = YES;
				CODE_SIGN_STYLE = Automatic;
				CURRENT_PROJECT_VERSION = 1;
				GENERATE_INFOPLIST_FILE = YES;
				MARKETING_VERSION = 1.0;
				PRODUCT_BUNDLE_IDENTIFIER = com.andressa.figurinhasUITests;
				PRODUCT_NAME = "$(TARGET_NAME)";
				SWIFT_EMIT_LOC_STRINGS = NO;
				SWIFT_VERSION = 5.0;
				TARGETED_DEVICE_FAMILY = "1,2";
				TEST_TARGET_NAME = figurinhas;
			};
			name = Release;
		};
/* End XCBuildConfiguration section */

/* Begin XCConfigurationList section */
		4F5ACA382AC203EC00AD1014 /* Build configuration list for PBXProject "figurinhas" */ = {
			isa = XCConfigurationList;
			buildConfigurations = (
				4F5ACA5F2AC203EF00AD1014 /* Debug */,
				4F5ACA602AC203EF00AD1014 /* Release */,
			);
			defaultConfigurationIsVisible = 0;
			defaultConfigurationName = Release;
		};
		4F5ACA612AC203EF00AD1014 /* Build configuration list for PBXNativeTarget "figurinhas" */ = {
			isa = XCConfigurationList;
			buildConfigurations = (
				4F5ACA622AC203EF00AD1014 /* Debug */,
				4F5ACA632AC203EF00AD1014 /* Release */,
			);
			defaultConfigurationIsVisible = 0;
			defaultConfigurationName = Release;
		};
		4F5ACA642AC203EF00AD1014 /* Build configuration list for PBXNativeTarget "figurinhasTests" */ = {
			isa = XCConfigurationList;
			buildConfigurations = (
				4F5ACA652AC203EF00AD1014 /* Debug */,
				4F5ACA662AC203EF00AD1014 /* Release */,
			);
			defaultConfigurationIsVisible = 0;
			defaultConfigurationName = Release;
		};
		4F5ACA672AC203EF00AD1014 /* Build configuration list for PBXNativeTarget "figurinhasUITests" */ = {
			isa = XCConfigurationList;
			buildConfigurations = (
				4F5ACA682AC203EF00AD1014 /* Debug */,
				4F5ACA692AC203EF00AD1014 /* Release */,
			);
			defaultConfigurationIsVisible = 0;
			defaultConfigurationName = Release;
		};
/* End XCConfigurationList section */
	};
	rootObject = 4F5ACA352AC203EC00AD1014 /* Project object */;
}
